
Microsoft Visual Studio Solution File, Format Version 12.00
# Visual Studio 14
VisualStudioVersion = 14.0.25123.0
MinimumVisualStudioVersion = 10.0.40219.1
Project("{FAE04EC0-301F-11D3-BF4B-00C04F79EFBC}") = "WebApplication1", "WebApplication1\WebApplication1.csproj", "{0638A5AD-46DC-4027-8CA7-482317949577}"
EndProject
Project("{FAE04EC0-301F-11D3-BF4B-00C04F79EFBC}") = "ServiceLayer", "ServiceLayer\ServiceLayer.csproj", "{57738C78-8CE9-4644-A136-70520C740B8A}"
EndProject
Global
	GlobalSection(SolutionConfigurationPlatforms) = preSolution
		Debug|Any CPU = Debug|Any CPU
		Release|Any CPU = Release|Any CPU
	EndGlobalSection
	GlobalSection(ProjectConfigurationPlatforms) = postSolution
		{0638A5AD-46DC-4027-8CA7-482317949577}.Debug|Any CPU.ActiveCfg = Debug|Any CPU
		{0638A5AD-46DC-4027-8CA7-482317949577}.Debug|Any CPU.Build.0 = Debug|Any CPU
		{0638A5AD-46DC-4027-8CA7-482317949577}.Release|Any CPU.ActiveCfg = Release|Any CPU
		{0638A5AD-46DC-4027-8CA7-482317949577}.Release|Any CPU.Build.0 = Release|Any CPU
		{57738C78-8CE9-4644-A136-70520C740B8A}.Debug|Any CPU.ActiveCfg = Debug|Any CPU
		{57738C78-8CE9-4644-A136-70520C740B8A}.Debug|Any CPU.Build.0 = Debug|Any CPU
		{57738C78-8CE9-4644-A136-70520C740B8A}.Release|Any CPU.ActiveCfg = Release|Any CPU
		{57738C78-8CE9-4644-A136-70520C740B8A}.Release|Any CPU.Build.0 = Release|Any CPU
	EndGlobalSection
	GlobalSection(SolutionProperties) = preSolution
		HideSolutionNode = FALSE
	EndGlobalSection
EndGlobal
